// !$*UTF8*$!
{
	archiveVersion = 1;
	classes = {
	};
	objectVersion = 50;
	objects = {

/* Begin PBXBuildFile section */
		058557BB273AAA24004C7B11 /* Assets.xcassets in Resources */ = {isa = PBXBuildFile; fileRef = 058557BA273AAA24004C7B11 /* Assets.xcassets */; };
		058557D9273AAEEB004C7B11 /* Preview Assets.xcassets in Resources */ = {isa = PBXBuildFile; fileRef = 058557D8273AAEEB004C7B11 /* Preview Assets.xcassets */; };
		2152FB042600AC8F00CF470E /* iOSApp.swift in Sources */ = {isa = PBXBuildFile; fileRef = 2152FB032600AC8F00CF470E /* iOSApp.swift */; };
		7555FF83242A565900829871 /* StoriesListScreen.swift in Sources */ = {isa = PBXBuildFile; fileRef = 7555FF82242A565900829871 /* StoriesListScreen.swift */; };
		CC04501D2A91061A00996A61 /* EditDateRange.swift in Sources */ = {isa = PBXBuildFile; fileRef = CC04501C2A91061A00996A61 /* EditDateRange.swift */; };
		CC04501F2A912DB100996A61 /* LocalDateExtensions.swift in Sources */ = {isa = PBXBuildFile; fileRef = CC04501E2A912DB100996A61 /* LocalDateExtensions.swift */; };
		CC095FCE2B55EEA2000A0095 /* Banner.swift in Sources */ = {isa = PBXBuildFile; fileRef = CC095FCD2B55EEA2000A0095 /* Banner.swift */; };
		CC40D5CE2A7D73CE0016FEE3 /* AsyncItemImage.swift in Sources */ = {isa = PBXBuildFile; fileRef = CC40D5CD2A7D73CE0016FEE3 /* AsyncItemImage.swift */; };
		CC502F122A769C1F00AFB821 /* LoadingDataScreen.swift in Sources */ = {isa = PBXBuildFile; fileRef = CC502F112A769C1F00AFB821 /* LoadingDataScreen.swift */; };
		CC502F152A76B39000AFB821 /* Reference.swift in Sources */ = {isa = PBXBuildFile; fileRef = CC502F142A76B39000AFB821 /* Reference.swift */; };
		CC502F182A76D1A800AFB821 /* textResources.swift in Sources */ = {isa = PBXBuildFile; fileRef = CC502F172A76D1A800AFB821 /* textResources.swift */; };
		CC592F752B462BBE00AB46E3 /* LogInScreen.swift in Sources */ = {isa = PBXBuildFile; fileRef = CC592F742B462BBE00AB46E3 /* LogInScreen.swift */; };
		CC592F772B462BD700AB46E3 /* LogInViewModel.swift in Sources */ = {isa = PBXBuildFile; fileRef = CC592F762B462BD700AB46E3 /* LogInViewModel.swift */; };
		CC65C9632A6D5138001166A1 /* HistoryDetailScreen.swift in Sources */ = {isa = PBXBuildFile; fileRef = CC65C9622A6D5138001166A1 /* HistoryDetailScreen.swift */; };
		CC65C9662A6D532A001166A1 /* HistoryDetailViewModel.swift in Sources */ = {isa = PBXBuildFile; fileRef = CC65C9652A6D532A001166A1 /* HistoryDetailViewModel.swift */; };
		CC6BAA9F2A6C33A5000DFD55 /* StoriesListViewModel.swift in Sources */ = {isa = PBXBuildFile; fileRef = CC6BAA9E2A6C33A5000DFD55 /* StoriesListViewModel.swift */; };
		CC6BAAA42A6C3CC9000DFD55 /* ViewLifeCycleObserver.swift in Sources */ = {isa = PBXBuildFile; fileRef = CC6BAAA32A6C3CC9000DFD55 /* ViewLifeCycleObserver.swift */; };
		CC7B11062A8C17F3003B611E /* StateAlternator.swift in Sources */ = {isa = PBXBuildFile; fileRef = CC7B11052A8C17F3003B611E /* StateAlternator.swift */; };
		CC8EE2792B3E332900BAED7A /* CommunityScreen.swift in Sources */ = {isa = PBXBuildFile; fileRef = CC8EE2782B3E332900BAED7A /* CommunityScreen.swift */; };
		CC8EE27D2B3E338300BAED7A /* CommunityViewModel.swift in Sources */ = {isa = PBXBuildFile; fileRef = CC8EE27C2B3E338300BAED7A /* CommunityViewModel.swift */; };
		CC902B742A883C4500B4B45D /* StringExtensions.swift in Sources */ = {isa = PBXBuildFile; fileRef = CC902B732A883C4500B4B45D /* StringExtensions.swift */; };
		CC902B772A89364600B4B45D /* EditTextElementSheet.swift in Sources */ = {isa = PBXBuildFile; fileRef = CC902B762A89364600B4B45D /* EditTextElementSheet.swift */; };
		CC902B792A89727800B4B45D /* EditImageElementSheet.swift in Sources */ = {isa = PBXBuildFile; fileRef = CC902B782A89727800B4B45D /* EditImageElementSheet.swift */; };
		CC902B7B2A89755B00B4B45D /* EditElementSheet.swift in Sources */ = {isa = PBXBuildFile; fileRef = CC902B7A2A89755B00B4B45D /* EditElementSheet.swift */; };
		CC902B7D2A897A7800B4B45D /* ViewExtensions.swift in Sources */ = {isa = PBXBuildFile; fileRef = CC902B7C2A897A7800B4B45D /* ViewExtensions.swift */; };
		CCA2D0912B5743240047BB35 /* UserDataScreen.swift in Sources */ = {isa = PBXBuildFile; fileRef = CCA2D0902B5743240047BB35 /* UserDataScreen.swift */; };
		CCA2D0932B57434D0047BB35 /* UserDataViewModel.swift in Sources */ = {isa = PBXBuildFile; fileRef = CCA2D0922B57434D0047BB35 /* UserDataViewModel.swift */; };
		CCA63A122B41CD8C00128450 /* CommunityStoriesListViewModel.swift in Sources */ = {isa = PBXBuildFile; fileRef = CCA63A112B41CD8C00128450 /* CommunityStoriesListViewModel.swift */; };
		CCA63A142B41CDE000128450 /* CommunityStoriesListScreen.swift in Sources */ = {isa = PBXBuildFile; fileRef = CCA63A132B41CDE000128450 /* CommunityStoriesListScreen.swift */; };
		CCA63A172B433BE400128450 /* HistoryItem.swift in Sources */ = {isa = PBXBuildFile; fileRef = CCA63A162B433BE300128450 /* HistoryItem.swift */; };
		CCA63A1C2B434AD000128450 /* CommunityHistoryDetailScreen.swift in Sources */ = {isa = PBXBuildFile; fileRef = CCA63A1B2B434AD000128450 /* CommunityHistoryDetailScreen.swift */; };
		CCA63A1E2B434AFF00128450 /* CommunityHistoryDetailViewModel.swift in Sources */ = {isa = PBXBuildFile; fileRef = CCA63A1D2B434AFF00128450 /* CommunityHistoryDetailViewModel.swift */; };
		CCA63A202B4361E700128450 /* detailViews.swift in Sources */ = {isa = PBXBuildFile; fileRef = CCA63A1F2B4361E700128450 /* detailViews.swift */; };
		CCA6ACDD2B589124000294E3 /* UserDataForm.swift in Sources */ = {isa = PBXBuildFile; fileRef = CCA6ACDC2B589124000294E3 /* UserDataForm.swift */; };
		CCBE0B0B2A9FEFDD00DE8315 /* EmptyScreen.swift in Sources */ = {isa = PBXBuildFile; fileRef = CCBE0B0A2A9FEFDD00DE8315 /* EmptyScreen.swift */; };
		CCBFE7302A705C0F007C6BB5 /* imageResources.swift in Sources */ = {isa = PBXBuildFile; fileRef = CCBFE72F2A705C0F007C6BB5 /* imageResources.swift */; };
		CCC0583D2A782E8A009BCA6E /* colorResources.swift in Sources */ = {isa = PBXBuildFile; fileRef = CCC0583C2A782E8A009BCA6E /* colorResources.swift */; };
		CCC744302A8B684300D221B2 /* ImageLoader.swift in Sources */ = {isa = PBXBuildFile; fileRef = CCC7442F2A8B684300D221B2 /* ImageLoader.swift */; };
		CCE233C12A9E7B7B00965D80 /* collectionExtensions.swift in Sources */ = {isa = PBXBuildFile; fileRef = CCE233C02A9E7B7B00965D80 /* collectionExtensions.swift */; };
		CCE7AF1C2A87FB32002DCB8A /* EditTitle.swift in Sources */ = {isa = PBXBuildFile; fileRef = CCE7AF1B2A87FB32002DCB8A /* EditTitle.swift */; };
/* End PBXBuildFile section */

/* Begin PBXCopyFilesBuildPhase section */
		7555FFB4242A642300829871 /* Embed Frameworks */ = {
			isa = PBXCopyFilesBuildPhase;
			buildActionMask = 2147483647;
			dstPath = "";
			dstSubfolderSpec = 10;
			files = (
			);
			name = "Embed Frameworks";
			runOnlyForDeploymentPostprocessing = 0;
		};
/* End PBXCopyFilesBuildPhase section */

/* Begin PBXFileReference section */
		058557BA273AAA24004C7B11 /* Assets.xcassets */ = {isa = PBXFileReference; lastKnownFileType = folder.assetcatalog; path = Assets.xcassets; sourceTree = "<group>"; };
		058557D8273AAEEB004C7B11 /* Preview Assets.xcassets */ = {isa = PBXFileReference; lastKnownFileType = folder.assetcatalog; path = "Preview Assets.xcassets"; sourceTree = "<group>"; };
		2152FB032600AC8F00CF470E /* iOSApp.swift */ = {isa = PBXFileReference; lastKnownFileType = sourcecode.swift; path = iOSApp.swift; sourceTree = "<group>"; };
		7555FF7B242A565900829871 /* iosApp.app */ = {isa = PBXFileReference; explicitFileType = wrapper.application; includeInIndex = 0; path = iosApp.app; sourceTree = BUILT_PRODUCTS_DIR; };
		7555FF82242A565900829871 /* StoriesListScreen.swift */ = {isa = PBXFileReference; lastKnownFileType = sourcecode.swift; path = StoriesListScreen.swift; sourceTree = "<group>"; };
		7555FF8C242A565B00829871 /* Info.plist */ = {isa = PBXFileReference; lastKnownFileType = text.plist.xml; path = Info.plist; sourceTree = "<group>"; };
		CC04501C2A91061A00996A61 /* EditDateRange.swift */ = {isa = PBXFileReference; lastKnownFileType = sourcecode.swift; path = EditDateRange.swift; sourceTree = "<group>"; };
		CC04501E2A912DB100996A61 /* LocalDateExtensions.swift */ = {isa = PBXFileReference; lastKnownFileType = sourcecode.swift; path = LocalDateExtensions.swift; sourceTree = "<group>"; };
		CC095FCD2B55EEA2000A0095 /* Banner.swift */ = {isa = PBXFileReference; lastKnownFileType = sourcecode.swift; path = Banner.swift; sourceTree = "<group>"; };
		CC40D5CD2A7D73CE0016FEE3 /* AsyncItemImage.swift */ = {isa = PBXFileReference; lastKnownFileType = sourcecode.swift; path = AsyncItemImage.swift; sourceTree = "<group>"; };
		CC502F112A769C1F00AFB821 /* LoadingDataScreen.swift */ = {isa = PBXFileReference; lastKnownFileType = sourcecode.swift; path = LoadingDataScreen.swift; sourceTree = "<group>"; };
		CC502F142A76B39000AFB821 /* Reference.swift */ = {isa = PBXFileReference; lastKnownFileType = sourcecode.swift; path = Reference.swift; sourceTree = "<group>"; };
		CC502F172A76D1A800AFB821 /* textResources.swift */ = {isa = PBXFileReference; lastKnownFileType = sourcecode.swift; path = textResources.swift; sourceTree = "<group>"; };
		CC592F742B462BBE00AB46E3 /* LogInScreen.swift */ = {isa = PBXFileReference; lastKnownFileType = sourcecode.swift; path = LogInScreen.swift; sourceTree = "<group>"; };
		CC592F762B462BD700AB46E3 /* LogInViewModel.swift */ = {isa = PBXFileReference; lastKnownFileType = sourcecode.swift; path = LogInViewModel.swift; sourceTree = "<group>"; };
		CC65C9622A6D5138001166A1 /* HistoryDetailScreen.swift */ = {isa = PBXFileReference; lastKnownFileType = sourcecode.swift; path = HistoryDetailScreen.swift; sourceTree = "<group>"; };
		CC65C9652A6D532A001166A1 /* HistoryDetailViewModel.swift */ = {isa = PBXFileReference; lastKnownFileType = sourcecode.swift; path = HistoryDetailViewModel.swift; sourceTree = "<group>"; };
		CC6BAA9E2A6C33A5000DFD55 /* StoriesListViewModel.swift */ = {isa = PBXFileReference; lastKnownFileType = sourcecode.swift; path = StoriesListViewModel.swift; sourceTree = "<group>"; };
		CC6BAAA32A6C3CC9000DFD55 /* ViewLifeCycleObserver.swift */ = {isa = PBXFileReference; lastKnownFileType = sourcecode.swift; path = ViewLifeCycleObserver.swift; sourceTree = "<group>"; };
		CC7B11052A8C17F3003B611E /* StateAlternator.swift */ = {isa = PBXFileReference; lastKnownFileType = sourcecode.swift; path = StateAlternator.swift; sourceTree = "<group>"; };
		CC8EE2782B3E332900BAED7A /* CommunityScreen.swift */ = {isa = PBXFileReference; lastKnownFileType = sourcecode.swift; path = CommunityScreen.swift; sourceTree = "<group>"; };
		CC8EE27C2B3E338300BAED7A /* CommunityViewModel.swift */ = {isa = PBXFileReference; lastKnownFileType = sourcecode.swift; path = CommunityViewModel.swift; sourceTree = "<group>"; };
		CC902B732A883C4500B4B45D /* StringExtensions.swift */ = {isa = PBXFileReference; lastKnownFileType = sourcecode.swift; path = StringExtensions.swift; sourceTree = "<group>"; };
		CC902B762A89364600B4B45D /* EditTextElementSheet.swift */ = {isa = PBXFileReference; lastKnownFileType = sourcecode.swift; path = EditTextElementSheet.swift; sourceTree = "<group>"; };
		CC902B782A89727800B4B45D /* EditImageElementSheet.swift */ = {isa = PBXFileReference; lastKnownFileType = sourcecode.swift; path = EditImageElementSheet.swift; sourceTree = "<group>"; };
		CC902B7A2A89755B00B4B45D /* EditElementSheet.swift */ = {isa = PBXFileReference; lastKnownFileType = sourcecode.swift; path = EditElementSheet.swift; sourceTree = "<group>"; };
		CC902B7C2A897A7800B4B45D /* ViewExtensions.swift */ = {isa = PBXFileReference; lastKnownFileType = sourcecode.swift; path = ViewExtensions.swift; sourceTree = "<group>"; };
		CCA2D0902B5743240047BB35 /* UserDataScreen.swift */ = {isa = PBXFileReference; lastKnownFileType = sourcecode.swift; path = UserDataScreen.swift; sourceTree = "<group>"; };
		CCA2D0922B57434D0047BB35 /* UserDataViewModel.swift */ = {isa = PBXFileReference; lastKnownFileType = sourcecode.swift; path = UserDataViewModel.swift; sourceTree = "<group>"; };
		CCA63A112B41CD8C00128450 /* CommunityStoriesListViewModel.swift */ = {isa = PBXFileReference; lastKnownFileType = sourcecode.swift; path = CommunityStoriesListViewModel.swift; sourceTree = "<group>"; };
		CCA63A132B41CDE000128450 /* CommunityStoriesListScreen.swift */ = {isa = PBXFileReference; lastKnownFileType = sourcecode.swift; path = CommunityStoriesListScreen.swift; sourceTree = "<group>"; };
		CCA63A162B433BE300128450 /* HistoryItem.swift */ = {isa = PBXFileReference; lastKnownFileType = sourcecode.swift; path = HistoryItem.swift; sourceTree = "<group>"; };
		CCA63A1B2B434AD000128450 /* CommunityHistoryDetailScreen.swift */ = {isa = PBXFileReference; lastKnownFileType = sourcecode.swift; path = CommunityHistoryDetailScreen.swift; sourceTree = "<group>"; };
		CCA63A1D2B434AFF00128450 /* CommunityHistoryDetailViewModel.swift */ = {isa = PBXFileReference; lastKnownFileType = sourcecode.swift; path = CommunityHistoryDetailViewModel.swift; sourceTree = "<group>"; };
		CCA63A1F2B4361E700128450 /* detailViews.swift */ = {isa = PBXFileReference; lastKnownFileType = sourcecode.swift; path = detailViews.swift; sourceTree = "<group>"; };
		CCA6ACDC2B589124000294E3 /* UserDataForm.swift */ = {isa = PBXFileReference; lastKnownFileType = sourcecode.swift; path = UserDataForm.swift; sourceTree = "<group>"; };
		CCBE0B0A2A9FEFDD00DE8315 /* EmptyScreen.swift */ = {isa = PBXFileReference; lastKnownFileType = sourcecode.swift; path = EmptyScreen.swift; sourceTree = "<group>"; };
		CCBFE72F2A705C0F007C6BB5 /* imageResources.swift */ = {isa = PBXFileReference; lastKnownFileType = sourcecode.swift; path = imageResources.swift; sourceTree = "<group>"; };
		CCC0583C2A782E8A009BCA6E /* colorResources.swift */ = {isa = PBXFileReference; lastKnownFileType = sourcecode.swift; path = colorResources.swift; sourceTree = "<group>"; };
		CCC7442F2A8B684300D221B2 /* ImageLoader.swift */ = {isa = PBXFileReference; lastKnownFileType = sourcecode.swift; path = ImageLoader.swift; sourceTree = "<group>"; };
		CCE233C02A9E7B7B00965D80 /* collectionExtensions.swift */ = {isa = PBXFileReference; lastKnownFileType = sourcecode.swift; path = collectionExtensions.swift; sourceTree = "<group>"; };
		CCE7AF1B2A87FB32002DCB8A /* EditTitle.swift */ = {isa = PBXFileReference; lastKnownFileType = sourcecode.swift; path = EditTitle.swift; sourceTree = "<group>"; };
/* End PBXFileReference section */

/* Begin PBXFrameworksBuildPhase section */
		7555FF78242A565900829871 /* Frameworks */ = {
			isa = PBXFrameworksBuildPhase;
			buildActionMask = 2147483647;
			files = (
			);
			runOnlyForDeploymentPostprocessing = 0;
		};
/* End PBXFrameworksBuildPhase section */

/* Begin PBXGroup section */
		058557D7273AAEEB004C7B11 /* Preview Content */ = {
			isa = PBXGroup;
			children = (
				058557D8273AAEEB004C7B11 /* Preview Assets.xcassets */,
			);
			path = "Preview Content";
			sourceTree = "<group>";
		};
		7555FF72242A565900829871 = {
			isa = PBXGroup;
			children = (
				7555FF7D242A565900829871 /* iosApp */,
				7555FF7C242A565900829871 /* Products */,
				7555FFB0242A642200829871 /* Frameworks */,
			);
			sourceTree = "<group>";
		};
		7555FF7C242A565900829871 /* Products */ = {
			isa = PBXGroup;
			children = (
				7555FF7B242A565900829871 /* iosApp.app */,
			);
			name = Products;
			sourceTree = "<group>";
		};
		7555FF7D242A565900829871 /* iosApp */ = {
			isa = PBXGroup;
			children = (
				CC19CA822A79B0E60044C140 /* ui */,
				CC6BAAA02A6C3C3C000DFD55 /* util */,
				058557BA273AAA24004C7B11 /* Assets.xcassets */,
				7555FF8C242A565B00829871 /* Info.plist */,
				2152FB032600AC8F00CF470E /* iOSApp.swift */,
				058557D7273AAEEB004C7B11 /* Preview Content */,
			);
			path = iosApp;
			sourceTree = "<group>";
		};
		7555FFB0242A642200829871 /* Frameworks */ = {
			isa = PBXGroup;
			children = (
			);
			name = Frameworks;
			sourceTree = "<group>";
		};
		CC19CA822A79B0E60044C140 /* ui */ = {
			isa = PBXGroup;
			children = (
				CCA2D08F2B5743050047BB35 /* userData */,
				CC592F732B462BA100AB46E3 /* logIn */,
				CCA63A182B434A8E00128450 /* communityHistoryDetail */,
				CCA63A152B433BC600128450 /* views */,
				CCA63A102B41CD6900128450 /* communityStories */,
				CC8EE2772B3E330800BAED7A /* home */,
				CC6BAA9D2A6C3317000DFD55 /* storiesList */,
				CC65C9642A6D52CB001166A1 /* historyDetail */,
			);
			path = ui;
			sourceTree = "<group>";
		};
		CC502F102A769BCB00AFB821 /* ui */ = {
			isa = PBXGroup;
			children = (
				CC502F112A769C1F00AFB821 /* LoadingDataScreen.swift */,
				CC40D5CD2A7D73CE0016FEE3 /* AsyncItemImage.swift */,
				CC902B7C2A897A7800B4B45D /* ViewExtensions.swift */,
				CCBE0B0A2A9FEFDD00DE8315 /* EmptyScreen.swift */,
			);
			path = ui;
			sourceTree = "<group>";
		};
		CC502F132A76B37200AFB821 /* dataStructures */ = {
			isa = PBXGroup;
			children = (
				CC502F142A76B39000AFB821 /* Reference.swift */,
			);
			path = dataStructures;
			sourceTree = "<group>";
		};
		CC502F162A76D18E00AFB821 /* resources */ = {
			isa = PBXGroup;
			children = (
				CCBFE72F2A705C0F007C6BB5 /* imageResources.swift */,
				CC502F172A76D1A800AFB821 /* textResources.swift */,
				CCC0583C2A782E8A009BCA6E /* colorResources.swift */,
				CCC7442F2A8B684300D221B2 /* ImageLoader.swift */,
			);
			path = resources;
			sourceTree = "<group>";
		};
		CC592F732B462BA100AB46E3 /* logIn */ = {
			isa = PBXGroup;
			children = (
				CC592F742B462BBE00AB46E3 /* LogInScreen.swift */,
				CC592F762B462BD700AB46E3 /* LogInViewModel.swift */,
			);
			path = logIn;
			sourceTree = "<group>";
		};
		CC65C9642A6D52CB001166A1 /* historyDetail */ = {
			isa = PBXGroup;
			children = (
				CC65C9622A6D5138001166A1 /* HistoryDetailScreen.swift */,
				CC65C9652A6D532A001166A1 /* HistoryDetailViewModel.swift */,
			);
			path = historyDetail;
			sourceTree = "<group>";
		};
		CC6BAA9D2A6C3317000DFD55 /* storiesList */ = {
			isa = PBXGroup;
			children = (
				CC902B752A89363000B4B45D /* edditing */,
				7555FF82242A565900829871 /* StoriesListScreen.swift */,
				CC6BAA9E2A6C33A5000DFD55 /* StoriesListViewModel.swift */,
			);
			path = storiesList;
			sourceTree = "<group>";
		};
		CC6BAAA02A6C3C3C000DFD55 /* util */ = {
			isa = PBXGroup;
			children = (
				CC502F162A76D18E00AFB821 /* resources */,
				CC502F132A76B37200AFB821 /* dataStructures */,
				CC502F102A769BCB00AFB821 /* ui */,
				CC6BAAA32A6C3CC9000DFD55 /* ViewLifeCycleObserver.swift */,
				CC902B732A883C4500B4B45D /* StringExtensions.swift */,
				CC7B11052A8C17F3003B611E /* StateAlternator.swift */,
				CC04501E2A912DB100996A61 /* LocalDateExtensions.swift */,
				CCE233C02A9E7B7B00965D80 /* collectionExtensions.swift */,
			);
			path = util;
			sourceTree = "<group>";
		};
		CC8EE2772B3E330800BAED7A /* home */ = {
			isa = PBXGroup;
			children = (
				CC8EE2782B3E332900BAED7A /* CommunityScreen.swift */,
				CC8EE27C2B3E338300BAED7A /* CommunityViewModel.swift */,
			);
			path = home;
			sourceTree = "<group>";
		};
		CC902B752A89363000B4B45D /* edditing */ = {
			isa = PBXGroup;
			children = (
				CCE7AF1B2A87FB32002DCB8A /* EditTitle.swift */,
				CC902B762A89364600B4B45D /* EditTextElementSheet.swift */,
				CC902B782A89727800B4B45D /* EditImageElementSheet.swift */,
				CC902B7A2A89755B00B4B45D /* EditElementSheet.swift */,
				CC04501C2A91061A00996A61 /* EditDateRange.swift */,
			);
			path = edditing;
			sourceTree = "<group>";
		};
		CCA2D08F2B5743050047BB35 /* userData */ = {
			isa = PBXGroup;
			children = (
				CCA2D0902B5743240047BB35 /* UserDataScreen.swift */,
				CCA2D0922B57434D0047BB35 /* UserDataViewModel.swift */,
			);
			path = userData;
			sourceTree = "<group>";
		};
		CCA63A102B41CD6900128450 /* communityStories */ = {
			isa = PBXGroup;
			children = (
				CCA63A112B41CD8C00128450 /* CommunityStoriesListViewModel.swift */,
				CCA63A132B41CDE000128450 /* CommunityStoriesListScreen.swift */,
			);
			path = communityStories;
			sourceTree = "<group>";
		};
		CCA63A152B433BC600128450 /* views */ = {
			isa = PBXGroup;
			children = (
				CCA63A162B433BE300128450 /* HistoryItem.swift */,
				CCA63A1F2B4361E700128450 /* detailViews.swift */,
				CC095FCD2B55EEA2000A0095 /* Banner.swift */,
				CCA6ACDC2B589124000294E3 /* UserDataForm.swift */,
			);
			path = views;
			sourceTree = "<group>";
		};
		CCA63A182B434A8E00128450 /* communityHistoryDetail */ = {
			isa = PBXGroup;
			children = (
				CCA63A1B2B434AD000128450 /* CommunityHistoryDetailScreen.swift */,
				CCA63A1D2B434AFF00128450 /* CommunityHistoryDetailViewModel.swift */,
			);
			path = communityHistoryDetail;
			sourceTree = "<group>";
		};
/* End PBXGroup section */

/* Begin PBXNativeTarget section */
		7555FF7A242A565900829871 /* iosApp */ = {
			isa = PBXNativeTarget;
			buildConfigurationList = 7555FFA5242A565B00829871 /* Build configuration list for PBXNativeTarget "iosApp" */;
			buildPhases = (
				7555FFB5242A651A00829871 /* ShellScript */,
				7555FF77242A565900829871 /* Sources */,
				7555FF78242A565900829871 /* Frameworks */,
				7555FF79242A565900829871 /* Resources */,
				7555FFB4242A642300829871 /* Embed Frameworks */,
			);
			buildRules = (
			);
			dependencies = (
			);
			name = iosApp;
			productName = iosApp;
			productReference = 7555FF7B242A565900829871 /* iosApp.app */;
			productType = "com.apple.product-type.application";
		};
/* End PBXNativeTarget section */

/* Begin PBXProject section */
		7555FF73242A565900829871 /* Project object */ = {
			isa = PBXProject;
			attributes = {
				LastSwiftUpdateCheck = 1130;
				LastUpgradeCheck = 1130;
				ORGANIZATIONNAME = orgName;
				TargetAttributes = {
					7555FF7A242A565900829871 = {
						CreatedOnToolsVersion = 11.3.1;
					};
				};
			};
			buildConfigurationList = 7555FF76242A565900829871 /* Build configuration list for PBXProject "iosApp" */;
			compatibilityVersion = "Xcode 9.3";
			developmentRegion = en;
			hasScannedForEncodings = 0;
			knownRegions = (
				en,
				Base,
			);
			mainGroup = 7555FF72242A565900829871;
			productRefGroup = 7555FF7C242A565900829871 /* Products */;
			projectDirPath = "";
			projectRoot = "";
			targets = (
				7555FF7A242A565900829871 /* iosApp */,
			);
		};
/* End PBXProject section */

/* Begin PBXResourcesBuildPhase section */
		7555FF79242A565900829871 /* Resources */ = {
			isa = PBXResourcesBuildPhase;
			buildActionMask = 2147483647;
			files = (
				058557D9273AAEEB004C7B11 /* Preview Assets.xcassets in Resources */,
				058557BB273AAA24004C7B11 /* Assets.xcassets in Resources */,
			);
			runOnlyForDeploymentPostprocessing = 0;
		};
/* End PBXResourcesBuildPhase section */

/* Begin PBXShellScriptBuildPhase section */
		7555FFB5242A651A00829871 /* ShellScript */ = {
			isa = PBXShellScriptBuildPhase;
			buildActionMask = 2147483647;
			files = (
			);
			inputFileListPaths = (
			);
			inputPaths = (
			);
			outputFileListPaths = (
			);
			outputPaths = (
			);
			runOnlyForDeploymentPostprocessing = 0;
			shellPath = /bin/sh;
			shellScript = "cd \"$SRCROOT/..\"\n./gradlew :shared:embedAndSignAppleFrameworkForXcode\n";
		};
/* End PBXShellScriptBuildPhase section */

/* Begin PBXSourcesBuildPhase section */
		7555FF77242A565900829871 /* Sources */ = {
			isa = PBXSourcesBuildPhase;
			buildActionMask = 2147483647;
			files = (
				2152FB042600AC8F00CF470E /* iOSApp.swift in Sources */,
				CC7B11062A8C17F3003B611E /* StateAlternator.swift in Sources */,
				CCC0583D2A782E8A009BCA6E /* colorResources.swift in Sources */,
				CC902B792A89727800B4B45D /* EditImageElementSheet.swift in Sources */,
				7555FF83242A565900829871 /* StoriesListScreen.swift in Sources */,
				CC04501F2A912DB100996A61 /* LocalDateExtensions.swift in Sources */,
				CCA6ACDD2B589124000294E3 /* UserDataForm.swift in Sources */,
				CCA63A142B41CDE000128450 /* CommunityStoriesListScreen.swift in Sources */,
				CCA63A1E2B434AFF00128450 /* CommunityHistoryDetailViewModel.swift in Sources */,
				CC902B7D2A897A7800B4B45D /* ViewExtensions.swift in Sources */,
				CC6BAAA42A6C3CC9000DFD55 /* ViewLifeCycleObserver.swift in Sources */,
				CC40D5CE2A7D73CE0016FEE3 /* AsyncItemImage.swift in Sources */,
				CCE233C12A9E7B7B00965D80 /* collectionExtensions.swift in Sources */,
				CC502F182A76D1A800AFB821 /* textResources.swift in Sources */,
				CCA63A202B4361E700128450 /* detailViews.swift in Sources */,
				CC8EE2792B3E332900BAED7A /* CommunityScreen.swift in Sources */,
				CCBFE7302A705C0F007C6BB5 /* imageResources.swift in Sources */,
				CC592F772B462BD700AB46E3 /* LogInViewModel.swift in Sources */,
				CCC744302A8B684300D221B2 /* ImageLoader.swift in Sources */,
				CCA63A1C2B434AD000128450 /* CommunityHistoryDetailScreen.swift in Sources */,
				CC65C9662A6D532A001166A1 /* HistoryDetailViewModel.swift in Sources */,
				CC592F752B462BBE00AB46E3 /* LogInScreen.swift in Sources */,
				CCE7AF1C2A87FB32002DCB8A /* EditTitle.swift in Sources */,
				CC04501D2A91061A00996A61 /* EditDateRange.swift in Sources */,
				CC65C9632A6D5138001166A1 /* HistoryDetailScreen.swift in Sources */,
				CC902B742A883C4500B4B45D /* StringExtensions.swift in Sources */,
				CC6BAA9F2A6C33A5000DFD55 /* StoriesListViewModel.swift in Sources */,
				CCBE0B0B2A9FEFDD00DE8315 /* EmptyScreen.swift in Sources */,
				CC8EE27D2B3E338300BAED7A /* CommunityViewModel.swift in Sources */,
				CC502F122A769C1F00AFB821 /* LoadingDataScreen.swift in Sources */,
				CC502F152A76B39000AFB821 /* Reference.swift in Sources */,
				CC902B7B2A89755B00B4B45D /* EditElementSheet.swift in Sources */,
				CCA63A172B433BE400128450 /* HistoryItem.swift in Sources */,
				CCA2D0912B5743240047BB35 /* UserDataScreen.swift in Sources */,
				CCA2D0932B57434D0047BB35 /* UserDataViewModel.swift in Sources */,
				CC095FCE2B55EEA2000A0095 /* Banner.swift in Sources */,
				CCA63A122B41CD8C00128450 /* CommunityStoriesListViewModel.swift in Sources */,
				CC902B772A89364600B4B45D /* EditTextElementSheet.swift in Sources */,
			);
			runOnlyForDeploymentPostprocessing = 0;
		};
/* End PBXSourcesBuildPhase section */

/* Begin XCBuildConfiguration section */
		7555FFA3242A565B00829871 /* Debug */ = {
			isa = XCBuildConfiguration;
			buildSettings = {
				ALWAYS_SEARCH_USER_PATHS = NO;
				CLANG_ANALYZER_NONNULL = YES;
				CLANG_ANALYZER_NUMBER_OBJECT_CONVERSION = YES_AGGRESSIVE;
				CLANG_CXX_LANGUAGE_STANDARD = "gnu++14";
				CLANG_CXX_LIBRARY = "libc++";
				CLANG_ENABLE_MODULES = YES;
				CLANG_ENABLE_OBJC_ARC = YES;
				CLANG_ENABLE_OBJC_WEAK = YES;
				CLANG_WARN_BLOCK_CAPTURE_AUTORELEASING = YES;
				CLANG_WARN_BOOL_CONVERSION = YES;
				CLANG_WARN_COMMA = YES;
				CLANG_WARN_CONSTANT_CONVERSION = YES;
				CLANG_WARN_DEPRECATED_OBJC_IMPLEMENTATIONS = YES;
				CLANG_WARN_DIRECT_OBJC_ISA_USAGE = YES_ERROR;
				CLANG_WARN_DOCUMENTATION_COMMENTS = YES;
				CLANG_WARN_EMPTY_BODY = YES;
				CLANG_WARN_ENUM_CONVERSION = YES;
				CLANG_WARN_INFINITE_RECURSION = YES;
				CLANG_WARN_INT_CONVERSION = YES;
				CLANG_WARN_NON_LITERAL_NULL_CONVERSION = YES;
				CLANG_WARN_OBJC_IMPLICIT_RETAIN_SELF = YES;
				CLANG_WARN_OBJC_LITERAL_CONVERSION = YES;
				CLANG_WARN_OBJC_ROOT_CLASS = YES_ERROR;
				CLANG_WARN_QUOTED_INCLUDE_IN_FRAMEWORK_HEADER = YES;
				CLANG_WARN_RANGE_LOOP_ANALYSIS = YES;
				CLANG_WARN_STRICT_PROTOTYPES = YES;
				CLANG_WARN_SUSPICIOUS_MOVE = YES;
				CLANG_WARN_UNGUARDED_AVAILABILITY = YES_AGGRESSIVE;
				CLANG_WARN_UNREACHABLE_CODE = YES;
				CLANG_WARN__DUPLICATE_METHOD_MATCH = YES;
				COPY_PHASE_STRIP = NO;
				DEBUG_INFORMATION_FORMAT = "dwarf-with-dsym";
				ENABLE_STRICT_OBJC_MSGSEND = YES;
				ENABLE_TESTABILITY = YES;
				GCC_C_LANGUAGE_STANDARD = gnu11;
				GCC_DYNAMIC_NO_PIC = NO;
				GCC_NO_COMMON_BLOCKS = YES;
				GCC_OPTIMIZATION_LEVEL = 0;
				GCC_PREPROCESSOR_DEFINITIONS = (
					"DEBUG=1",
					"$(inherited)",
				);
				GCC_WARN_64_TO_32_BIT_CONVERSION = YES;
				GCC_WARN_ABOUT_RETURN_TYPE = YES_ERROR;
				GCC_WARN_UNDECLARED_SELECTOR = YES;
				GCC_WARN_UNINITIALIZED_AUTOS = YES_AGGRESSIVE;
				GCC_WARN_UNUSED_FUNCTION = YES;
				GCC_WARN_UNUSED_VARIABLE = YES;
				IPHONEOS_DEPLOYMENT_TARGET = 14.1;
				MTL_ENABLE_DEBUG_INFO = INCLUDE_SOURCE;
				MTL_FAST_MATH = YES;
				ONLY_ACTIVE_ARCH = YES;
				SDKROOT = iphoneos;
				SWIFT_ACTIVE_COMPILATION_CONDITIONS = DEBUG;
				SWIFT_OPTIMIZATION_LEVEL = "-Onone";
			};
			name = Debug;
		};
		7555FFA4242A565B00829871 /* Release */ = {
			isa = XCBuildConfiguration;
			buildSettings = {
				ALWAYS_SEARCH_USER_PATHS = NO;
				CLANG_ANALYZER_NONNULL = YES;
				CLANG_ANALYZER_NUMBER_OBJECT_CONVERSION = YES_AGGRESSIVE;
				CLANG_CXX_LANGUAGE_STANDARD = "gnu++14";
				CLANG_CXX_LIBRARY = "libc++";
				CLANG_ENABLE_MODULES = YES;
				CLANG_ENABLE_OBJC_ARC = YES;
				CLANG_ENABLE_OBJC_WEAK = YES;
				CLANG_WARN_BLOCK_CAPTURE_AUTORELEASING = YES;
				CLANG_WARN_BOOL_CONVERSION = YES;
				CLANG_WARN_COMMA = YES;
				CLANG_WARN_CONSTANT_CONVERSION = YES;
				CLANG_WARN_DEPRECATED_OBJC_IMPLEMENTATIONS = YES;
				CLANG_WARN_DIRECT_OBJC_ISA_USAGE = YES_ERROR;
				CLANG_WARN_DOCUMENTATION_COMMENTS = YES;
				CLANG_WARN_EMPTY_BODY = YES;
				CLANG_WARN_ENUM_CONVERSION = YES;
				CLANG_WARN_INFINITE_RECURSION = YES;
				CLANG_WARN_INT_CONVERSION = YES;
				CLANG_WARN_NON_LITERAL_NULL_CONVERSION = YES;
				CLANG_WARN_OBJC_IMPLICIT_RETAIN_SELF = YES;
				CLANG_WARN_OBJC_LITERAL_CONVERSION = YES;
				CLANG_WARN_OBJC_ROOT_CLASS = YES_ERROR;
				CLANG_WARN_QUOTED_INCLUDE_IN_FRAMEWORK_HEADER = YES;
				CLANG_WARN_RANGE_LOOP_ANALYSIS = YES;
				CLANG_WARN_STRICT_PROTOTYPES = YES;
				CLANG_WARN_SUSPICIOUS_MOVE = YES;
				CLANG_WARN_UNGUARDED_AVAILABILITY = YES_AGGRESSIVE;
				CLANG_WARN_UNREACHABLE_CODE = YES;
				CLANG_WARN__DUPLICATE_METHOD_MATCH = YES;
				COPY_PHASE_STRIP = NO;
				DEBUG_INFORMATION_FORMAT = "dwarf-with-dsym";
				ENABLE_NS_ASSERTIONS = NO;
				ENABLE_STRICT_OBJC_MSGSEND = YES;
				GCC_C_LANGUAGE_STANDARD = gnu11;
				GCC_NO_COMMON_BLOCKS = YES;
				GCC_WARN_64_TO_32_BIT_CONVERSION = YES;
				GCC_WARN_ABOUT_RETURN_TYPE = YES_ERROR;
				GCC_WARN_UNDECLARED_SELECTOR = YES;
				GCC_WARN_UNINITIALIZED_AUTOS = YES_AGGRESSIVE;
				GCC_WARN_UNUSED_FUNCTION = YES;
				GCC_WARN_UNUSED_VARIABLE = YES;
				IPHONEOS_DEPLOYMENT_TARGET = 14.1;
				MTL_ENABLE_DEBUG_INFO = NO;
				MTL_FAST_MATH = YES;
				SDKROOT = iphoneos;
				SWIFT_COMPILATION_MODE = wholemodule;
				SWIFT_OPTIMIZATION_LEVEL = "-O";
				VALIDATE_PRODUCT = YES;
			};
			name = Release;
		};
		7555FFA6242A565B00829871 /* Debug */ = {
			isa = XCBuildConfiguration;
			buildSettings = {
				ASSETCATALOG_COMPILER_APPICON_NAME = AppIcon;
				CODE_SIGN_STYLE = Automatic;
				DEVELOPMENT_ASSET_PATHS = "\"iosApp/Preview Content\"";
				ENABLE_PREVIEWS = YES;
				FRAMEWORK_SEARCH_PATHS = (
					"$(inherited)",
					"$(SRCROOT)/../shared/build/xcode-frameworks/$(CONFIGURATION)/$(SDK_NAME)",
				);
				INFOPLIST_FILE = iosApp/Info.plist;
				IPHONEOS_DEPLOYMENT_TARGET = 16.0;
				LD_RUNPATH_SEARCH_PATHS = (
					"$(inherited)",
					"@executable_path/Frameworks",
				);
				OTHER_LDFLAGS = (
					"$(inherited)",
					"-framework",
					shared,
				);
				PRODUCT_BUNDLE_IDENTIFIER = orgIdentifier.iosApp;
				PRODUCT_NAME = "$(TARGET_NAME)";
				SWIFT_VERSION = 5.0;
				TARGETED_DEVICE_FAMILY = "1,2";
			};
			name = Debug;
		};
		7555FFA7242A565B00829871 /* Release */ = {
			isa = XCBuildConfiguration;
			buildSettings = {
				ASSETCATALOG_COMPILER_APPICON_NAME = AppIcon;
				CODE_SIGN_STYLE = Automatic;
				DEVELOPMENT_ASSET_PATHS = "\"iosApp/Preview Content\"";
				ENABLE_PREVIEWS = YES;
				FRAMEWORK_SEARCH_PATHS = (
					"$(inherited)",
					"$(SRCROOT)/../shared/build/xcode-frameworks/$(CONFIGURATION)/$(SDK_NAME)",
				);
				INFOPLIST_FILE = iosApp/Info.plist;
				IPHONEOS_DEPLOYMENT_TARGET = 16.0;
				LD_RUNPATH_SEARCH_PATHS = (
					"$(inherited)",
					"@executable_path/Frameworks",
				);
				OTHER_LDFLAGS = (
					"$(inherited)",
					"-framework",
					shared,
				);
				PRODUCT_BUNDLE_IDENTIFIER = orgIdentifier.iosApp;
				PRODUCT_NAME = "$(TARGET_NAME)";
				SWIFT_VERSION = 5.0;
				TARGETED_DEVICE_FAMILY = "1,2";
			};
			name = Release;
		};
/* End XCBuildConfiguration section */

/* Begin XCConfigurationList section */
		7555FF76242A565900829871 /* Build configuration list for PBXProject "iosApp" */ = {
			isa = XCConfigurationList;
			buildConfigurations = (
				7555FFA3242A565B00829871 /* Debug */,
				7555FFA4242A565B00829871 /* Release */,
			);
			defaultConfigurationIsVisible = 0;
			defaultConfigurationName = Release;
		};
		7555FFA5242A565B00829871 /* Build configuration list for PBXNativeTarget "iosApp" */ = {
			isa = XCConfigurationList;
			buildConfigurations = (
				7555FFA6242A565B00829871 /* Debug */,
				7555FFA7242A565B00829871 /* Release */,
			);
			defaultConfigurationIsVisible = 0;
			defaultConfigurationName = Release;
		};
/* End XCConfigurationList section */
	};
	rootObject = 7555FF73242A565900829871 /* Project object */;
}
